{
  "version": 4,
  "terraform_version": "1.11.4",
  "serial": 9,
  "lineage": "96a281fa-fded-0d03-b289-0980f4a84247",
  "outputs": {},
  "resources": [
    {
      "mode": "managed",
      "type": "kubernetes_persistent_volume_claim",
      "name": "postgres_pvc",
      "provider": "provider[\"registry.terraform.io/hashicorp/kubernetes\"]",
      "instances": [
        {
          "schema_version": 0,
          "attributes": {
            "id": "default/postgres-pvc",
            "metadata": [
              {
                "annotations": null,
                "generate_name": "",
                "generation": 0,
                "labels": null,
                "name": "postgres-pvc",
                "namespace": "default",
                "resource_version": "6673",
                "uid": "3f22ab9f-66c2-406f-bb76-72948db4572c"
              }
            ],
            "spec": [
              {
                "access_modes": [
                  "ReadWriteOnce"
                ],
                "resources": [
                  {
                    "limits": null,
                    "requests": {
                      "storage": "1Gi"
                    }
                  }
                ],
                "selector": [],
                "storage_class_name": "standard",
                "volume_mode": "Filesystem",
                "volume_name": "pvc-3f22ab9f-66c2-406f-bb76-72948db4572c"
              }
            ],
            "timeouts": null,
            "wait_until_bound": true
          },
          "sensitive_attributes": [],
          "private": "eyJlMmJmYjczMC1lY2FhLTExZTYtOGY4OC0zNDM2M2JjN2M0YzAiOnsiY3JlYXRlIjozMDAwMDAwMDAwMDB9fQ=="
        }
      ]
    },
    {
      "mode": "managed",
      "type": "kubernetes_secret",
      "name": "postgres-secret",
      "provider": "provider[\"registry.terraform.io/hashicorp/kubernetes\"]",
      "instances": [
        {
          "schema_version": 0,
          "attributes": {
            "binary_data": null,
            "binary_data_wo": null,
            "binary_data_wo_revision": null,
            "data": {
              "postgres-password": "YzM5ZmFjN2YtM2VlYi00NjlmLTk0NmMtYTNlOTQ3ODA5Njc3"
            },
            "data_wo": null,
            "data_wo_revision": null,
            "id": "default/postgres-secret",
            "immutable": false,
            "metadata": [
              {
                "annotations": null,
                "generate_name": "",
                "generation": 0,
                "labels": null,
                "name": "postgres-secret",
                "namespace": "default",
                "resource_version": "6660",
                "uid": "f356e5ab-cbf4-448b-b5a4-50f682752f1b"
              }
            ],
            "timeouts": null,
            "type": "Opaque",
            "wait_for_service_account_token": true
          },
          "sensitive_attributes": [
            [
              {
                "type": "get_attr",
                "value": "binary_data"
              }
            ],
            [
              {
                "type": "get_attr",
                "value": "data"
              }
            ]
          ],
          "private": "eyJlMmJmYjczMC1lY2FhLTExZTYtOGY4OC0zNDM2M2JjN2M0YzAiOnsiY3JlYXRlIjo2MDAwMDAwMDAwMH19"
        }
      ]
    },
    {
      "mode": "managed",
      "type": "kubernetes_service",
      "name": "postgres_svc",
      "provider": "provider[\"registry.terraform.io/hashicorp/kubernetes\"]",
      "instances": [
        {
          "schema_version": 1,
          "attributes": {
            "id": "default/p0stgres-svc",
            "metadata": [
              {
                "annotations": null,
                "generate_name": "",
                "generation": 0,
                "labels": null,
                "name": "p0stgres-svc",
                "namespace": "default",
                "resource_version": "6662",
                "uid": "f7fa8df7-d31e-470b-818b-37d7c008b66f"
              }
            ],
            "spec": [
              {
                "allocate_load_balancer_node_ports": true,
                "cluster_ip": "10.107.115.38",
                "cluster_ips": [
                  "10.107.115.38"
                ],
                "external_ips": null,
                "external_name": "",
                "external_traffic_policy": "",
                "health_check_node_port": 0,
                "internal_traffic_policy": "Cluster",
                "ip_families": [
                  "IPv4"
                ],
                "ip_family_policy": "SingleStack",
                "load_balancer_class": "",
                "load_balancer_ip": "",
                "load_balancer_source_ranges": null,
                "port": [
                  {
                    "app_protocol": "",
                    "name": "",
                    "node_port": 0,
                    "port": 5432,
                    "protocol": "TCP",
                    "target_port": "5432"
                  }
                ],
                "publish_not_ready_addresses": false,
                "selector": {
                  "app": "postgres"
                },
                "session_affinity": "None",
                "session_affinity_config": [],
                "type": "ClusterIP"
              }
            ],
            "status": [
              {
                "load_balancer": [
                  {
                    "ingress": []
                  }
                ]
              }
            ],
            "timeouts": null,
            "wait_for_load_balancer": true
          },
          "sensitive_attributes": [],
          "private": "eyJlMmJmYjczMC1lY2FhLTExZTYtOGY4OC0zNDM2M2JjN2M0YzAiOnsiY3JlYXRlIjo2MDAwMDAwMDAwMDB9LCJzY2hlbWFfdmVyc2lvbiI6IjEifQ=="
        }
      ]
    }
  ],
  "check_results": null
}
